
Microsoft Visual Studio Solution File, Format Version 11.00
# Visual Studio 2010
Project("{2150E333-8FDC-42A3-9474-1A3956D46DE8}") = "Shared", "Shared", "{21B17BB4-06C1-4E6E-BD78-C022CD8F8266}"
	ProjectSection(SolutionItems) = preProject
		..\Shared\ExtensionHelper.cs = ..\Shared\ExtensionHelper.cs
		..\Shared\IDevice.cs = ..\Shared\IDevice.cs
		..\Shared\IGeolocation.cs = ..\Shared\IGeolocation.cs
		..\Shared\INotification.cs = ..\Shared\INotification.cs
	EndProjectSection
EndProject
Project("{2150E333-8FDC-42A3-9474-1A3956D46DE8}") = "WindowsPhone", "WindowsPhone", "{72E85363-D435-44F5-BC8B-6270AD25EA9F}"
EndProject
Project("{9344bdbb-3e7f-41fc-a0dd-8665d75ee146}") = "MonoMobile.Extensions", "MonoMobile.Extensions\MonoMobile.Extensions.csproj", "{48718131-DD4F-4177-816A-D470A834F208}"
EndProject
Project("{9344bdbb-3e7f-41fc-a0dd-8665d75ee146}") = "MonoMobile.Example", "MonoMobile.Example\MonoMobile.Example.csproj", "{AA90C67A-5C11-4378-B07C-B333BF107878}"
EndProject
Global
	GlobalSection(SolutionConfigurationPlatforms) = preSolution
		Debug|iPhoneSimulator = Debug|iPhoneSimulator
		Release|iPhoneSimulator = Release|iPhoneSimulator
		Debug|iPhone = Debug|iPhone
		Release|iPhone = Release|iPhone
		DebugMonoDroid|Any CPU = DebugMonoDroid|Any CPU
		ReleaseMonoDroid|Any CPU = ReleaseMonoDroid|Any CPU
		DebugWindowsPhone|Any CPU = DebugWindowsPhone|Any CPU
		ReleaseWindowsPhone|Any CPU = ReleaseWindowsPhone|Any CPU
	EndGlobalSection
	GlobalSection(ProjectConfigurationPlatforms) = postSolution
		{48718131-DD4F-4177-816A-D470A834F208}.DebugWindowsPhone|Any CPU.ActiveCfg = ReleaseWindowsPhone|Any CPU
		{48718131-DD4F-4177-816A-D470A834F208}.ReleaseWindowsPhone|Any CPU.ActiveCfg = ReleaseWindowsPhone|Any CPU
		{AA90C67A-5C11-4378-B07C-B333BF107878}.DebugWindowsPhone|Any CPU.ActiveCfg = DebugMonoDroid|Any CPU
		{AA90C67A-5C11-4378-B07C-B333BF107878}.ReleaseWindowsPhone|Any CPU.ActiveCfg = ReleaseWindowsPhone|Any CPU
	EndGlobalSection
	GlobalSection(NestedProjects) = preSolution
		{48718131-DD4F-4177-816A-D470A834F208} = {72E85363-D435-44F5-BC8B-6270AD25EA9F}
		{AA90C67A-5C11-4378-B07C-B333BF107878} = {72E85363-D435-44F5-BC8B-6270AD25EA9F}
	EndGlobalSection
	GlobalSection(SolutionProperties) = preSolution
		HideSolutionNode = FALSE
	EndGlobalSection
EndGlobal
