Microsoft Visual Studio Solution File, Format Version 12.00
# Visual Studio 2012
Project("{FAE04EC0-301F-11D3-BF4B-00C04F79EFBC}") = "Xamarin.Mobile", "Xamarin.Mobile\Xamarin.Mobile.csproj", "{92076ADC-FBD8-4F34-B01A-40D5FA369B8D}"
EndProject
Project("{2150E333-8FDC-42A3-9474-1A3956D46DE8}") = "Samples", "Samples", "{B952601B-99D0-423D-8DDF-F22430A2A0DB}"
EndProject
Project("{FAE04EC0-301F-11D3-BF4B-00C04F79EFBC}") = "GeolocationSample", "Samples\GeolocationSample\GeolocationSample.csproj", "{6597A270-F580-43DA-93EE-2B78473EECB3}"
EndProject
Project("{FAE04EC0-301F-11D3-BF4B-00C04F79EFBC}") = "MediaPickerSample", "Samples\MediaPickerSample\MediaPickerSample.csproj", "{B248460E-FBB8-40CF-835E-2E21E52E6AE9}"
EndProject
Global
	GlobalSection(SolutionConfigurationPlatforms) = preSolution
		Debug|Any CPU = Debug|Any CPU
		Release|Any CPU = Release|Any CPU
	EndGlobalSection
	GlobalSection(ProjectConfigurationPlatforms) = postSolution
		{92076ADC-FBD8-4F34-B01A-40D5FA369B8D}.Debug|Any CPU.ActiveCfg = Debug|Any CPU
		{92076ADC-FBD8-4F34-B01A-40D5FA369B8D}.Debug|Any CPU.Build.0 = Debug|Any CPU
		{92076ADC-FBD8-4F34-B01A-40D5FA369B8D}.Release|Any CPU.ActiveCfg = Release|Any CPU
		{92076ADC-FBD8-4F34-B01A-40D5FA369B8D}.Release|Any CPU.Build.0 = Release|Any CPU
		{6597A270-F580-43DA-93EE-2B78473EECB3}.Debug|Any CPU.ActiveCfg = Debug|Any CPU
		{6597A270-F580-43DA-93EE-2B78473EECB3}.Debug|Any CPU.Build.0 = Debug|Any CPU
		{6597A270-F580-43DA-93EE-2B78473EECB3}.Debug|Any CPU.Deploy.0 = Debug|Any CPU
		{6597A270-F580-43DA-93EE-2B78473EECB3}.Release|Any CPU.ActiveCfg = Release|Any CPU
		{6597A270-F580-43DA-93EE-2B78473EECB3}.Release|Any CPU.Build.0 = Release|Any CPU
		{6597A270-F580-43DA-93EE-2B78473EECB3}.Release|Any CPU.Deploy.0 = Release|Any CPU
		{B248460E-FBB8-40CF-835E-2E21E52E6AE9}.Debug|Any CPU.ActiveCfg = Debug|Any CPU
		{B248460E-FBB8-40CF-835E-2E21E52E6AE9}.Debug|Any CPU.Build.0 = Debug|Any CPU
		{B248460E-FBB8-40CF-835E-2E21E52E6AE9}.Debug|Any CPU.Deploy.0 = Debug|Any CPU
		{B248460E-FBB8-40CF-835E-2E21E52E6AE9}.Release|Any CPU.ActiveCfg = Release|Any CPU
		{B248460E-FBB8-40CF-835E-2E21E52E6AE9}.Release|Any CPU.Build.0 = Release|Any CPU
		{B248460E-FBB8-40CF-835E-2E21E52E6AE9}.Release|Any CPU.Deploy.0 = Release|Any CPU
	EndGlobalSection
	GlobalSection(SolutionProperties) = preSolution
		HideSolutionNode = FALSE
	EndGlobalSection
	GlobalSection(NestedProjects) = preSolution
		{6597A270-F580-43DA-93EE-2B78473EECB3} = {B952601B-99D0-423D-8DDF-F22430A2A0DB}
		{B248460E-FBB8-40CF-835E-2E21E52E6AE9} = {B952601B-99D0-423D-8DDF-F22430A2A0DB}
	EndGlobalSection
EndGlobal
