
Microsoft Visual Studio Solution File, Format Version 11.00
# Visual Studio 2010
Project("{2150E333-8FDC-42A3-9474-1A3956D46DE8}") = "MonoDroid", "MonoDroid", "{D66A3439-B7B0-4641-9B11-BCD00A611EE5}"
EndProject
Project("{FAE04EC0-301F-11D3-BF4B-00C04F79EFBC}") = "MonoMobile.Extensions", "MonoDroid\MonoMobile.Extensions\MonoMobile.Extensions.csproj", "{32DFF77E-AE38-48D6-B067-CF555798EA32}"
EndProject
Project("{2150E333-8FDC-42A3-9474-1A3956D46DE8}") = "Shared", "Shared", "{21B17BB4-06C1-4E6E-BD78-C022CD8F8266}"
	ProjectSection(SolutionItems) = preProject
		Shared\ExtensionHelper.cs = Shared\ExtensionHelper.cs
		Shared\IDevice.cs = Shared\IDevice.cs
		Shared\INotification.cs = Shared\INotification.cs
	EndProjectSection
EndProject
Project("{2150E333-8FDC-42A3-9474-1A3956D46DE8}") = "WindowsPhone", "WindowsPhone", "{72E85363-D435-44F5-BC8B-6270AD25EA9F}"
EndProject
Project("{FAE04EC0-301F-11D3-BF4B-00C04F79EFBC}") = "MonoMobile.Extensions", "WindowsPhone\MonoMobile.Extensions\MonoMobile.Extensions.csproj", "{075AA9A6-A76F-482D-B504-BA0A224B0480}"
EndProject
Global
	GlobalSection(SolutionConfigurationPlatforms) = preSolution
		Debug|Any CPU = Debug|Any CPU
		Release|Any CPU = Release|Any CPU
	EndGlobalSection
	GlobalSection(ProjectConfigurationPlatforms) = postSolution
		{32DFF77E-AE38-48D6-B067-CF555798EA32}.Debug|Any CPU.ActiveCfg = Debug|Any CPU
		{32DFF77E-AE38-48D6-B067-CF555798EA32}.Debug|Any CPU.Build.0 = Debug|Any CPU
		{32DFF77E-AE38-48D6-B067-CF555798EA32}.Release|Any CPU.ActiveCfg = Release|Any CPU
		{32DFF77E-AE38-48D6-B067-CF555798EA32}.Release|Any CPU.Build.0 = Release|Any CPU
		{075AA9A6-A76F-482D-B504-BA0A224B0480}.Debug|Any CPU.ActiveCfg = Debug|Any CPU
		{075AA9A6-A76F-482D-B504-BA0A224B0480}.Debug|Any CPU.Build.0 = Debug|Any CPU
		{075AA9A6-A76F-482D-B504-BA0A224B0480}.Release|Any CPU.ActiveCfg = Release|Any CPU
		{075AA9A6-A76F-482D-B504-BA0A224B0480}.Release|Any CPU.Build.0 = Release|Any CPU
	EndGlobalSection
	GlobalSection(SolutionProperties) = preSolution
		HideSolutionNode = FALSE
	EndGlobalSection
	GlobalSection(NestedProjects) = preSolution
		{32DFF77E-AE38-48D6-B067-CF555798EA32} = {D66A3439-B7B0-4641-9B11-BCD00A611EE5}
		{075AA9A6-A76F-482D-B504-BA0A224B0480} = {72E85363-D435-44F5-BC8B-6270AD25EA9F}
	EndGlobalSection
EndGlobal
