
Microsoft Visual Studio Solution File, Format Version 11.00
# Visual Studio 2010
Project("{2150E333-8FDC-42A3-9474-1A3956D46DE8}") = "MonoDroid", "MonoDroid", "{D66A3439-B7B0-4641-9B11-BCD00A611EE5}"
EndProject
Project("{FAE04EC0-301F-11D3-BF4B-00C04F79EFBC}") = "MonoMobile.Extensions", "MonoDroid\MonoMobile.Extensions\MonoMobile.Extensions.csproj", "{32DFF77E-AE38-48D6-B067-CF555798EA32}"
EndProject
Project("{FAE04EC0-301F-11D3-BF4B-00C04F79EFBC}") = "MonoMobile.Example", "MonoDroid\MonoMobile.Example\MonoMobile.Example.csproj", "{C4790D64-9278-4EB8-8623-86DC572CB8D1}"
EndProject
Project("{2150E333-8FDC-42A3-9474-1A3956D46DE8}") = "Shared", "Shared", "{21B17BB4-06C1-4E6E-BD78-C022CD8F8266}"
	ProjectSection(SolutionItems) = preProject
		Shared\ExtensionHelper.cs = Shared\ExtensionHelper.cs
		Shared\IDevice.cs = Shared\IDevice.cs
		Shared\IGeolocation.cs = Shared\IGeolocation.cs
		Shared\INotification.cs = Shared\INotification.cs
	EndProjectSection
EndProject
Project("{2150E333-8FDC-42A3-9474-1A3956D46DE8}") = "WindowsPhone", "WindowsPhone", "{72E85363-D435-44F5-BC8B-6270AD25EA9F}"
EndProject
Project("{9344bdbb-3e7f-41fc-a0dd-8665d75ee146}") = "MonoMobile.Extensions", "WindowsPhone\MonoMobile.Extensions\MonoMobile.Extensions.csproj", "{5892C04D-F109-4FEF-A0EB-6AE93C617274}"
EndProject
Project("{9344bdbb-3e7f-41fc-a0dd-8665d75ee146}") = "MonoMobile.Example", "WindowsPhone\MonoMobile.Example\MonoMobile.Example.csproj", "{852845A4-C496-4878-A9C2-D300E3CBB069}"
EndProject
Project("{2150E333-8FDC-42A3-9474-1A3956D46DE8}") = "MonoTouch", "MonoTouch", "{8A4D3352-DBA8-4BE4-B66C-2BF4A538C725}"
EndProject
Project("{FAE04EC0-301F-11D3-BF4B-00C04F79EFBC}") = "MonoMobile.Extensions", "MonoTouch\MonoMobile.Extensions\MonoMobile.Extensions.csproj", "{87C4E91E-8215-46E6-BC21-41650EEB8C92}"
EndProject
Global
	GlobalSection(SolutionConfigurationPlatforms) = preSolution
		Debug|iPhoneSimulator = Debug|iPhoneSimulator
		Release|iPhoneSimulator = Release|iPhoneSimulator
		Debug|iPhone = Debug|iPhone
		Release|iPhone = Release|iPhone
		DebugMonoDroid|Any CPU = DebugMonoDroid|Any CPU
		ReleaseMonoDroid|Any CPU = ReleaseMonoDroid|Any CPU
		DebugWindowsPhone|Any CPU = DebugWindowsPhone|Any CPU
		ReleaseWindowsPhone|Any CPU = ReleaseWindowsPhone|Any CPU
	EndGlobalSection
	GlobalSection(ProjectConfigurationPlatforms) = postSolution
		{32DFF77E-AE38-48D6-B067-CF555798EA32}.DebugMonoDroid|Any CPU.ActiveCfg = DebugMonoDroid|Any CPU
		{32DFF77E-AE38-48D6-B067-CF555798EA32}.DebugMonoDroid|Any CPU.Build.0 = DebugMonoDroid|Any CPU
		{32DFF77E-AE38-48D6-B067-CF555798EA32}.DebugWindowsPhone|Any CPU.ActiveCfg = DebugMonoDroid|Any CPU
		{32DFF77E-AE38-48D6-B067-CF555798EA32}.ReleaseMonoDroid|Any CPU.ActiveCfg = ReleaseMonoDroid|Any CPU
		{32DFF77E-AE38-48D6-B067-CF555798EA32}.ReleaseMonoDroid|Any CPU.Build.0 = ReleaseMonoDroid|Any CPU
		{32DFF77E-AE38-48D6-B067-CF555798EA32}.ReleaseWindowsPhone|Any CPU.ActiveCfg = ReleaseWindowsPhone|Any CPU
		{5892C04D-F109-4FEF-A0EB-6AE93C617274}.DebugMonoDroid|Any CPU.ActiveCfg = DebugMonoDroid|Any CPU
		{5892C04D-F109-4FEF-A0EB-6AE93C617274}.DebugWindowsPhone|Any CPU.ActiveCfg = ReleaseWindowsPhone|Any CPU
		{5892C04D-F109-4FEF-A0EB-6AE93C617274}.DebugWindowsPhone|Any CPU.Build.0 = ReleaseWindowsPhone|Any CPU
		{5892C04D-F109-4FEF-A0EB-6AE93C617274}.ReleaseMonoDroid|Any CPU.ActiveCfg = ReleaseMonoDroid|Any CPU
		{5892C04D-F109-4FEF-A0EB-6AE93C617274}.ReleaseWindowsPhone|Any CPU.ActiveCfg = ReleaseWindowsPhone|Any CPU
		{5892C04D-F109-4FEF-A0EB-6AE93C617274}.ReleaseWindowsPhone|Any CPU.Build.0 = ReleaseWindowsPhone|Any CPU
		{852845A4-C496-4878-A9C2-D300E3CBB069}.DebugMonoDroid|Any CPU.ActiveCfg = DebugMonoDroid|Any CPU
		{852845A4-C496-4878-A9C2-D300E3CBB069}.DebugWindowsPhone|Any CPU.ActiveCfg = DebugMonoDroid|Any CPU
		{852845A4-C496-4878-A9C2-D300E3CBB069}.ReleaseMonoDroid|Any CPU.ActiveCfg = ReleaseMonoDroid|Any CPU
		{852845A4-C496-4878-A9C2-D300E3CBB069}.ReleaseWindowsPhone|Any CPU.ActiveCfg = ReleaseWindowsPhone|Any CPU
		{87C4E91E-8215-46E6-BC21-41650EEB8C92}.Debug|iPhone.ActiveCfg = Debug|iPhone
		{87C4E91E-8215-46E6-BC21-41650EEB8C92}.Debug|iPhone.Build.0 = Debug|iPhone
		{87C4E91E-8215-46E6-BC21-41650EEB8C92}.Debug|iPhoneSimulator.ActiveCfg = Debug|iPhoneSimulator
		{87C4E91E-8215-46E6-BC21-41650EEB8C92}.Debug|iPhoneSimulator.Build.0 = Debug|iPhoneSimulator
		{87C4E91E-8215-46E6-BC21-41650EEB8C92}.DebugMonoDroid|Any CPU.ActiveCfg = Debug|iPhoneSimulator
		{87C4E91E-8215-46E6-BC21-41650EEB8C92}.DebugWindowsPhone|Any CPU.ActiveCfg = Debug|iPhoneSimulator
		{87C4E91E-8215-46E6-BC21-41650EEB8C92}.Release|iPhone.ActiveCfg = Release|iPhone
		{87C4E91E-8215-46E6-BC21-41650EEB8C92}.Release|iPhone.Build.0 = Release|iPhone
		{87C4E91E-8215-46E6-BC21-41650EEB8C92}.Release|iPhoneSimulator.ActiveCfg = Release|iPhoneSimulator
		{87C4E91E-8215-46E6-BC21-41650EEB8C92}.Release|iPhoneSimulator.Build.0 = Release|iPhoneSimulator
		{87C4E91E-8215-46E6-BC21-41650EEB8C92}.ReleaseMonoDroid|Any CPU.ActiveCfg = Release|iPhoneSimulator
		{87C4E91E-8215-46E6-BC21-41650EEB8C92}.ReleaseWindowsPhone|Any CPU.ActiveCfg = ReleaseWindowsPhone|Any CPU
		{C4790D64-9278-4EB8-8623-86DC572CB8D1}.Debug|iPhone.ActiveCfg = DebugMonoDroid|Any CPU
		{C4790D64-9278-4EB8-8623-86DC572CB8D1}.Debug|iPhoneSimulator.ActiveCfg = DebugMonoDroid|Any CPU
		{C4790D64-9278-4EB8-8623-86DC572CB8D1}.DebugMonoDroid|Any CPU.ActiveCfg = DebugMonoDroid|Any CPU
		{C4790D64-9278-4EB8-8623-86DC572CB8D1}.DebugMonoDroid|Any CPU.Build.0 = DebugMonoDroid|Any CPU
		{C4790D64-9278-4EB8-8623-86DC572CB8D1}.DebugWindowsPhone|Any CPU.ActiveCfg = DebugMonoDroid|Any CPU
		{C4790D64-9278-4EB8-8623-86DC572CB8D1}.Release|iPhone.ActiveCfg = ReleaseMonoDroid|Any CPU
		{C4790D64-9278-4EB8-8623-86DC572CB8D1}.Release|iPhoneSimulator.ActiveCfg = ReleaseMonoDroid|Any CPU
		{C4790D64-9278-4EB8-8623-86DC572CB8D1}.ReleaseMonoDroid|Any CPU.ActiveCfg = ReleaseMonoDroid|Any CPU
		{C4790D64-9278-4EB8-8623-86DC572CB8D1}.ReleaseMonoDroid|Any CPU.Build.0 = ReleaseMonoDroid|Any CPU
		{C4790D64-9278-4EB8-8623-86DC572CB8D1}.ReleaseWindowsPhone|Any CPU.ActiveCfg = ReleaseWindowsPhone|Any CPU
		{F29B8383-1951-4E30-B809-6FC5A764CE22}.Debug|Any CPU.Deploy.0 = Debug|Any CPU
		{F29B8383-1951-4E30-B809-6FC5A764CE22}.Release|Any CPU.Deploy.0 = Release|Any CPU
	EndGlobalSection
	GlobalSection(NestedProjects) = preSolution
		{32DFF77E-AE38-48D6-B067-CF555798EA32} = {D66A3439-B7B0-4641-9B11-BCD00A611EE5}
		{C4790D64-9278-4EB8-8623-86DC572CB8D1} = {D66A3439-B7B0-4641-9B11-BCD00A611EE5}
		{5892C04D-F109-4FEF-A0EB-6AE93C617274} = {72E85363-D435-44F5-BC8B-6270AD25EA9F}
		{852845A4-C496-4878-A9C2-D300E3CBB069} = {72E85363-D435-44F5-BC8B-6270AD25EA9F}
		{87C4E91E-8215-46E6-BC21-41650EEB8C92} = {8A4D3352-DBA8-4BE4-B66C-2BF4A538C725}
	EndGlobalSection
	GlobalSection(MonoDevelopProperties) = preSolution
		StartupItem = MonoDroid\MonoMobile.Example\MonoMobile.Example.csproj
	EndGlobalSection
	GlobalSection(SolutionProperties) = preSolution
		HideSolutionNode = FALSE
	EndGlobalSection
EndGlobal
