
Microsoft Visual Studio Solution File, Format Version 11.00
# Visual Studio 2010
Project("{2150E333-8FDC-42A3-9474-1A3956D46DE8}") = "Mono for Android", "Mono for Android", "{993BFD96-8874-4DE7-806A-0C1C4C2A2BAC}"
EndProject
Project("{FAE04EC0-301F-11D3-BF4B-00C04F79EFBC}") = "ContactsSample", "MonoDroid\Samples\ContactsSample\ContactsSample.csproj", "{32E5FA7A-4754-49C6-BA09-2E262BEDC4CE}"
EndProject
Project("{FAE04EC0-301F-11D3-BF4B-00C04F79EFBC}") = "GeolocationSample", "MonoDroid\Samples\GeolocationSample\GeolocationSample.csproj", "{82254F3E-647E-4F4A-AA4F-008A614C4B02}"
EndProject
Project("{2150E333-8FDC-42A3-9474-1A3956D46DE8}") = "Windows Phone", "Windows Phone", "{75F60B02-3B8C-44D6-8930-57D840BB91F0}"
EndProject
Project("{FAE04EC0-301F-11D3-BF4B-00C04F79EFBC}") = "Xamarin.Mobile", "MonoDroid\Xamarin.Mobile\Xamarin.Mobile.csproj", "{32DFF77E-AE38-48D6-B067-CF555798EA32}"
EndProject
Project("{FAE04EC0-301F-11D3-BF4B-00C04F79EFBC}") = "Xamarin.Mobile", "WindowsPhone\Xamarin.Mobile\Xamarin.Mobile.csproj", "{075AA9A6-A76F-482D-B504-BA0A224B0480}"
EndProject
Project("{FAE04EC0-301F-11D3-BF4B-00C04F79EFBC}") = "MediaPickerSample", "WindowsPhone\Samples\MediaPickerSample\MediaPickerSample.csproj", "{B945D6E7-2A66-446A-A8DB-1673D90D74B0}"
EndProject
Project("{FAE04EC0-301F-11D3-BF4B-00C04F79EFBC}") = "MediaPickerSample", "MonoDroid\Samples\MediaPickerSample\MediaPickerSample.csproj", "{35CF5239-F77C-40B0-B3A7-14AF989A19C8}"
EndProject
Global
	GlobalSection(SolutionConfigurationPlatforms) = preSolution
		Debug|Any CPU = Debug|Any CPU
		Release|Any CPU = Release|Any CPU
	EndGlobalSection
	GlobalSection(ProjectConfigurationPlatforms) = postSolution
		{32E5FA7A-4754-49C6-BA09-2E262BEDC4CE}.Debug|Any CPU.ActiveCfg = Debug|Any CPU
		{32E5FA7A-4754-49C6-BA09-2E262BEDC4CE}.Debug|Any CPU.Build.0 = Debug|Any CPU
		{32E5FA7A-4754-49C6-BA09-2E262BEDC4CE}.Release|Any CPU.ActiveCfg = Release|Any CPU
		{32E5FA7A-4754-49C6-BA09-2E262BEDC4CE}.Release|Any CPU.Build.0 = Release|Any CPU
		{82254F3E-647E-4F4A-AA4F-008A614C4B02}.Debug|Any CPU.ActiveCfg = Debug|Any CPU
		{82254F3E-647E-4F4A-AA4F-008A614C4B02}.Debug|Any CPU.Build.0 = Debug|Any CPU
		{82254F3E-647E-4F4A-AA4F-008A614C4B02}.Release|Any CPU.ActiveCfg = Release|Any CPU
		{82254F3E-647E-4F4A-AA4F-008A614C4B02}.Release|Any CPU.Build.0 = Release|Any CPU
		{32DFF77E-AE38-48D6-B067-CF555798EA32}.Debug|Any CPU.ActiveCfg = Debug|Any CPU
		{32DFF77E-AE38-48D6-B067-CF555798EA32}.Debug|Any CPU.Build.0 = Debug|Any CPU
		{32DFF77E-AE38-48D6-B067-CF555798EA32}.Release|Any CPU.ActiveCfg = Release|Any CPU
		{32DFF77E-AE38-48D6-B067-CF555798EA32}.Release|Any CPU.Build.0 = Release|Any CPU
		{075AA9A6-A76F-482D-B504-BA0A224B0480}.Debug|Any CPU.ActiveCfg = Debug|Any CPU
		{075AA9A6-A76F-482D-B504-BA0A224B0480}.Debug|Any CPU.Build.0 = Debug|Any CPU
		{075AA9A6-A76F-482D-B504-BA0A224B0480}.Release|Any CPU.ActiveCfg = Release|Any CPU
		{075AA9A6-A76F-482D-B504-BA0A224B0480}.Release|Any CPU.Build.0 = Release|Any CPU
		{B945D6E7-2A66-446A-A8DB-1673D90D74B0}.Debug|Any CPU.ActiveCfg = Debug|Any CPU
		{B945D6E7-2A66-446A-A8DB-1673D90D74B0}.Debug|Any CPU.Build.0 = Debug|Any CPU
		{B945D6E7-2A66-446A-A8DB-1673D90D74B0}.Debug|Any CPU.Deploy.0 = Debug|Any CPU
		{B945D6E7-2A66-446A-A8DB-1673D90D74B0}.Release|Any CPU.ActiveCfg = Release|Any CPU
		{B945D6E7-2A66-446A-A8DB-1673D90D74B0}.Release|Any CPU.Build.0 = Release|Any CPU
		{B945D6E7-2A66-446A-A8DB-1673D90D74B0}.Release|Any CPU.Deploy.0 = Release|Any CPU
		{35CF5239-F77C-40B0-B3A7-14AF989A19C8}.Debug|Any CPU.ActiveCfg = Debug|Any CPU
		{35CF5239-F77C-40B0-B3A7-14AF989A19C8}.Debug|Any CPU.Build.0 = Debug|Any CPU
		{35CF5239-F77C-40B0-B3A7-14AF989A19C8}.Debug|Any CPU.Deploy.0 = Debug|Any CPU
		{35CF5239-F77C-40B0-B3A7-14AF989A19C8}.Release|Any CPU.ActiveCfg = Release|Any CPU
		{35CF5239-F77C-40B0-B3A7-14AF989A19C8}.Release|Any CPU.Build.0 = Release|Any CPU
	EndGlobalSection
	GlobalSection(SolutionProperties) = preSolution
		HideSolutionNode = FALSE
	EndGlobalSection
	GlobalSection(NestedProjects) = preSolution
		{32E5FA7A-4754-49C6-BA09-2E262BEDC4CE} = {993BFD96-8874-4DE7-806A-0C1C4C2A2BAC}
		{82254F3E-647E-4F4A-AA4F-008A614C4B02} = {993BFD96-8874-4DE7-806A-0C1C4C2A2BAC}
		{32DFF77E-AE38-48D6-B067-CF555798EA32} = {993BFD96-8874-4DE7-806A-0C1C4C2A2BAC}
		{35CF5239-F77C-40B0-B3A7-14AF989A19C8} = {993BFD96-8874-4DE7-806A-0C1C4C2A2BAC}
		{075AA9A6-A76F-482D-B504-BA0A224B0480} = {75F60B02-3B8C-44D6-8930-57D840BB91F0}
		{B945D6E7-2A66-446A-A8DB-1673D90D74B0} = {75F60B02-3B8C-44D6-8930-57D840BB91F0}
	EndGlobalSection
EndGlobal
