
Microsoft Visual Studio Solution File, Format Version 11.00
# Visual Studio 2010
Project("{2150E333-8FDC-42A3-9474-1A3956D46DE8}") = "Shared", "Shared", "{21B17BB4-06C1-4E6E-BD78-C022CD8F8266}"
	ProjectSection(SolutionItems) = preProject
		..\Shared\ExtensionHelper.cs = ..\Shared\ExtensionHelper.cs
		..\Shared\IDevice.cs = ..\Shared\IDevice.cs
		..\Shared\IGeolocation.cs = ..\Shared\IGeolocation.cs
		..\Shared\INotification.cs = ..\Shared\INotification.cs
		..\Shared\Position.cs = ..\Shared\Position.cs
		..\Shared\DelegatedObserver.cs = ..\Shared\DelegatedObserver.cs
		..\Shared\PositionListener.cs = ..\Shared\PositionListener.cs
	EndProjectSection
EndProject
Project("{2150E333-8FDC-42A3-9474-1A3956D46DE8}") = "MonoTouch", "MonoTouch", "{8A4D3352-DBA8-4BE4-B66C-2BF4A538C725}"
EndProject
Project("{FAE04EC0-301F-11D3-BF4B-00C04F79EFBC}") = "MonoMobile.Extensions", "MonoMobile.Extensions\MonoMobile.Extensions.csproj", "{87C4E91E-8215-46E6-BC21-41650EEB8C92}"
EndProject
Project("{FAE04EC0-301F-11D3-BF4B-00C04F79EFBC}") = "MonoTouch.Example", "MonoTouch.Example\MonoTouch.Example.csproj", "{EA8AD2F7-5BF5-4442-8607-3DD30E0641EB}"
EndProject
Global
	GlobalSection(SolutionConfigurationPlatforms) = preSolution
		Debug|iPhoneSimulator = Debug|iPhoneSimulator
		Release|iPhoneSimulator = Release|iPhoneSimulator
		Debug|iPhone = Debug|iPhone
		Release|iPhone = Release|iPhone
	EndGlobalSection
	GlobalSection(ProjectConfigurationPlatforms) = postSolution
		{87C4E91E-8215-46E6-BC21-41650EEB8C92}.Debug|iPhone.ActiveCfg = Debug|iPhone
		{87C4E91E-8215-46E6-BC21-41650EEB8C92}.Debug|iPhone.Build.0 = Debug|iPhone
		{87C4E91E-8215-46E6-BC21-41650EEB8C92}.Debug|iPhoneSimulator.ActiveCfg = Debug|iPhoneSimulator
		{87C4E91E-8215-46E6-BC21-41650EEB8C92}.Debug|iPhoneSimulator.Build.0 = Debug|iPhoneSimulator
		{87C4E91E-8215-46E6-BC21-41650EEB8C92}.Release|iPhone.ActiveCfg = Release|iPhone
		{87C4E91E-8215-46E6-BC21-41650EEB8C92}.Release|iPhone.Build.0 = Release|iPhone
		{87C4E91E-8215-46E6-BC21-41650EEB8C92}.Release|iPhoneSimulator.ActiveCfg = Release|iPhoneSimulator
		{87C4E91E-8215-46E6-BC21-41650EEB8C92}.Release|iPhoneSimulator.Build.0 = Release|iPhoneSimulator
		{EA8AD2F7-5BF5-4442-8607-3DD30E0641EB}.Debug|iPhone.ActiveCfg = Debug|iPhone
		{EA8AD2F7-5BF5-4442-8607-3DD30E0641EB}.Debug|iPhone.Build.0 = Debug|iPhone
		{EA8AD2F7-5BF5-4442-8607-3DD30E0641EB}.Debug|iPhoneSimulator.ActiveCfg = Debug|iPhoneSimulator
		{EA8AD2F7-5BF5-4442-8607-3DD30E0641EB}.Debug|iPhoneSimulator.Build.0 = Debug|iPhoneSimulator
		{EA8AD2F7-5BF5-4442-8607-3DD30E0641EB}.Release|iPhone.ActiveCfg = Release|iPhone
		{EA8AD2F7-5BF5-4442-8607-3DD30E0641EB}.Release|iPhone.Build.0 = Release|iPhone
		{EA8AD2F7-5BF5-4442-8607-3DD30E0641EB}.Release|iPhoneSimulator.ActiveCfg = Release|iPhoneSimulator
		{EA8AD2F7-5BF5-4442-8607-3DD30E0641EB}.Release|iPhoneSimulator.Build.0 = Release|iPhoneSimulator
	EndGlobalSection
	GlobalSection(NestedProjects) = preSolution
		{87C4E91E-8215-46E6-BC21-41650EEB8C92} = {8A4D3352-DBA8-4BE4-B66C-2BF4A538C725}
		{EA8AD2F7-5BF5-4442-8607-3DD30E0641EB} = {8A4D3352-DBA8-4BE4-B66C-2BF4A538C725}
	EndGlobalSection
	GlobalSection(MonoDevelopProperties) = preSolution
		StartupItem = MonoTouch.Example\MonoTouch.Example.csproj
	EndGlobalSection
	GlobalSection(SolutionProperties) = preSolution
		HideSolutionNode = FALSE
	EndGlobalSection
EndGlobal
