
Microsoft Visual Studio Solution File, Format Version 11.00
# Visual Studio 2010
Project("{2150E333-8FDC-42A3-9474-1A3956D46DE8}") = "MonoTouch", "MonoTouch", "{8A4D3352-DBA8-4BE4-B66C-2BF4A538C725}"
EndProject
Project("{FAE04EC0-301F-11D3-BF4B-00C04F79EFBC}") = "Xamarin.Mobile", "MonoMobile.Extensions\Xamarin.Mobile.csproj", "{87C4E91E-8215-46E6-BC21-41650EEB8C92}"
EndProject
Project("{FAE04EC0-301F-11D3-BF4B-00C04F79EFBC}") = "GeolocationSample", "Samples\Geolocation\GeolocationSample.csproj", "{B110CA48-4524-4E13-B4E1-B4A4C54EC875}"
EndProject
Project("{FAE04EC0-301F-11D3-BF4B-00C04F79EFBC}") = "ContactsSample", "Samples\ContactsSample\ContactsSample.csproj", "{0F36CBF1-1358-4FD3-8631-2775881B2635}"
EndProject
Global
	GlobalSection(SolutionConfigurationPlatforms) = preSolution
		Debug|iPhoneSimulator = Debug|iPhoneSimulator
		Release|iPhoneSimulator = Release|iPhoneSimulator
		Debug|iPhone = Debug|iPhone
		Release|iPhone = Release|iPhone
	EndGlobalSection
	GlobalSection(ProjectConfigurationPlatforms) = postSolution
		{0F36CBF1-1358-4FD3-8631-2775881B2635}.Debug|iPhone.ActiveCfg = Debug|iPhone
		{0F36CBF1-1358-4FD3-8631-2775881B2635}.Debug|iPhone.Build.0 = Debug|iPhone
		{0F36CBF1-1358-4FD3-8631-2775881B2635}.Debug|iPhoneSimulator.ActiveCfg = Debug|iPhoneSimulator
		{0F36CBF1-1358-4FD3-8631-2775881B2635}.Debug|iPhoneSimulator.Build.0 = Debug|iPhoneSimulator
		{0F36CBF1-1358-4FD3-8631-2775881B2635}.Release|iPhone.ActiveCfg = Release|iPhone
		{0F36CBF1-1358-4FD3-8631-2775881B2635}.Release|iPhone.Build.0 = Release|iPhone
		{0F36CBF1-1358-4FD3-8631-2775881B2635}.Release|iPhoneSimulator.ActiveCfg = Release|iPhoneSimulator
		{0F36CBF1-1358-4FD3-8631-2775881B2635}.Release|iPhoneSimulator.Build.0 = Release|iPhoneSimulator
		{87C4E91E-8215-46E6-BC21-41650EEB8C92}.Debug|iPhone.ActiveCfg = Debug|iPhone
		{87C4E91E-8215-46E6-BC21-41650EEB8C92}.Debug|iPhone.Build.0 = Debug|iPhone
		{87C4E91E-8215-46E6-BC21-41650EEB8C92}.Debug|iPhoneSimulator.ActiveCfg = Debug|iPhoneSimulator
		{87C4E91E-8215-46E6-BC21-41650EEB8C92}.Debug|iPhoneSimulator.Build.0 = Debug|iPhoneSimulator
		{87C4E91E-8215-46E6-BC21-41650EEB8C92}.Release|iPhone.ActiveCfg = Release|iPhone
		{87C4E91E-8215-46E6-BC21-41650EEB8C92}.Release|iPhone.Build.0 = Release|iPhone
		{87C4E91E-8215-46E6-BC21-41650EEB8C92}.Release|iPhoneSimulator.ActiveCfg = Release|iPhoneSimulator
		{87C4E91E-8215-46E6-BC21-41650EEB8C92}.Release|iPhoneSimulator.Build.0 = Release|iPhoneSimulator
		{B110CA48-4524-4E13-B4E1-B4A4C54EC875}.Debug|iPhone.ActiveCfg = Debug|iPhone
		{B110CA48-4524-4E13-B4E1-B4A4C54EC875}.Debug|iPhone.Build.0 = Debug|iPhone
		{B110CA48-4524-4E13-B4E1-B4A4C54EC875}.Debug|iPhoneSimulator.ActiveCfg = Debug|iPhoneSimulator
		{B110CA48-4524-4E13-B4E1-B4A4C54EC875}.Debug|iPhoneSimulator.Build.0 = Debug|iPhoneSimulator
		{B110CA48-4524-4E13-B4E1-B4A4C54EC875}.Release|iPhone.ActiveCfg = Release|iPhone
		{B110CA48-4524-4E13-B4E1-B4A4C54EC875}.Release|iPhone.Build.0 = Release|iPhone
		{B110CA48-4524-4E13-B4E1-B4A4C54EC875}.Release|iPhoneSimulator.ActiveCfg = Release|iPhoneSimulator
		{B110CA48-4524-4E13-B4E1-B4A4C54EC875}.Release|iPhoneSimulator.Build.0 = Release|iPhoneSimulator
	EndGlobalSection
	GlobalSection(NestedProjects) = preSolution
		{87C4E91E-8215-46E6-BC21-41650EEB8C92} = {8A4D3352-DBA8-4BE4-B66C-2BF4A538C725}
		{B110CA48-4524-4E13-B4E1-B4A4C54EC875} = {8A4D3352-DBA8-4BE4-B66C-2BF4A538C725}
		{0F36CBF1-1358-4FD3-8631-2775881B2635} = {8A4D3352-DBA8-4BE4-B66C-2BF4A538C725}
	EndGlobalSection
	GlobalSection(MonoDevelopProperties) = preSolution
		StartupItem = Samples\ContactsSample\ContactsSample.csproj
	EndGlobalSection
	GlobalSection(SolutionProperties) = preSolution
		HideSolutionNode = FALSE
	EndGlobalSection
EndGlobal
