Microsoft Visual Studio Solution File, Format Version 12.00
# Visual Studio 2012
Project("{FAE04EC0-301F-11D3-BF4B-00C04F79EFBC}") = "Xamarin.Mobile", "Xamarin.Mobile\Xamarin.Mobile.csproj", "{2F184B4A-9A80-4097-92C4-2F93DCB0D6E4}"
EndProject
Project("{2150E333-8FDC-42A3-9474-1A3956D46DE8}") = "Samples", "Samples", "{B952601B-99D0-423D-8DDF-F22430A2A0DB}"
EndProject
Project("{FAE04EC0-301F-11D3-BF4B-00C04F79EFBC}") = "ContactsSample", "Samples\ContactsSample\ContactsSample.csproj", "{EC845FCE-D9B8-408B-BCF6-53CFC95F289C}"
EndProject
Project("{FAE04EC0-301F-11D3-BF4B-00C04F79EFBC}") = "GeolocationSample", "Samples\GeolocationSample\GeolocationSample.csproj", "{0FBF47C0-7858-4BBA-9C12-FBFE70D6F719}"
EndProject
Project("{FAE04EC0-301F-11D3-BF4B-00C04F79EFBC}") = "MediaPickerSample", "Samples\MediaPickerSample\MediaPickerSample.csproj", "{3CA309F2-2454-4944-B13F-A5EB549A7636}"
EndProject
Global
	GlobalSection(SolutionConfigurationPlatforms) = preSolution
		Debug|Any CPU = Debug|Any CPU
		Release|Any CPU = Release|Any CPU
	EndGlobalSection
	GlobalSection(ProjectConfigurationPlatforms) = postSolution
		{2F184B4A-9A80-4097-92C4-2F93DCB0D6E4}.Debug|Any CPU.ActiveCfg = Debug|Any CPU
		{2F184B4A-9A80-4097-92C4-2F93DCB0D6E4}.Debug|Any CPU.Build.0 = Debug|Any CPU
		{2F184B4A-9A80-4097-92C4-2F93DCB0D6E4}.Release|Any CPU.ActiveCfg = Release|Any CPU
		{2F184B4A-9A80-4097-92C4-2F93DCB0D6E4}.Release|Any CPU.Build.0 = Release|Any CPU
		{EC845FCE-D9B8-408B-BCF6-53CFC95F289C}.Debug|Any CPU.ActiveCfg = Debug|Any CPU
		{EC845FCE-D9B8-408B-BCF6-53CFC95F289C}.Debug|Any CPU.Build.0 = Debug|Any CPU
		{EC845FCE-D9B8-408B-BCF6-53CFC95F289C}.Debug|Any CPU.Deploy.0 = Debug|Any CPU
		{EC845FCE-D9B8-408B-BCF6-53CFC95F289C}.Release|Any CPU.ActiveCfg = Release|Any CPU
		{EC845FCE-D9B8-408B-BCF6-53CFC95F289C}.Release|Any CPU.Build.0 = Release|Any CPU
		{EC845FCE-D9B8-408B-BCF6-53CFC95F289C}.Release|Any CPU.Deploy.0 = Release|Any CPU
		{0FBF47C0-7858-4BBA-9C12-FBFE70D6F719}.Debug|Any CPU.ActiveCfg = Debug|Any CPU
		{0FBF47C0-7858-4BBA-9C12-FBFE70D6F719}.Debug|Any CPU.Build.0 = Debug|Any CPU
		{0FBF47C0-7858-4BBA-9C12-FBFE70D6F719}.Debug|Any CPU.Deploy.0 = Debug|Any CPU
		{0FBF47C0-7858-4BBA-9C12-FBFE70D6F719}.Release|Any CPU.ActiveCfg = Release|Any CPU
		{0FBF47C0-7858-4BBA-9C12-FBFE70D6F719}.Release|Any CPU.Build.0 = Release|Any CPU
		{0FBF47C0-7858-4BBA-9C12-FBFE70D6F719}.Release|Any CPU.Deploy.0 = Release|Any CPU
		{3CA309F2-2454-4944-B13F-A5EB549A7636}.Debug|Any CPU.ActiveCfg = Debug|Any CPU
		{3CA309F2-2454-4944-B13F-A5EB549A7636}.Debug|Any CPU.Build.0 = Debug|Any CPU
		{3CA309F2-2454-4944-B13F-A5EB549A7636}.Debug|Any CPU.Deploy.0 = Debug|Any CPU
		{3CA309F2-2454-4944-B13F-A5EB549A7636}.Release|Any CPU.ActiveCfg = Release|Any CPU
		{3CA309F2-2454-4944-B13F-A5EB549A7636}.Release|Any CPU.Build.0 = Release|Any CPU
		{3CA309F2-2454-4944-B13F-A5EB549A7636}.Release|Any CPU.Deploy.0 = Release|Any CPU
	EndGlobalSection
	GlobalSection(SolutionProperties) = preSolution
		HideSolutionNode = FALSE
	EndGlobalSection
	GlobalSection(NestedProjects) = preSolution
		{EC845FCE-D9B8-408B-BCF6-53CFC95F289C} = {B952601B-99D0-423D-8DDF-F22430A2A0DB}
		{0FBF47C0-7858-4BBA-9C12-FBFE70D6F719} = {B952601B-99D0-423D-8DDF-F22430A2A0DB}
		{3CA309F2-2454-4944-B13F-A5EB549A7636} = {B952601B-99D0-423D-8DDF-F22430A2A0DB}
	EndGlobalSection
EndGlobal
